
Microsoft Visual Studio Solution File, Format Version 12.00
# Visual Studio Version 17
VisualStudioVersion = 17.14.36310.24 d17.14
MinimumVisualStudioVersion = 10.0.40219.1
Project("{FAE04EC0-301F-11D3-BF4B-00C04F79EFBC}") = "ReactJSApiProject", "ReactJSApiProject\ReactJSApiProject.csproj", "{52138F45-AEBD-40AF-91D2-297766BBD868}"
EndProject
Global
	GlobalSection(SolutionConfigurationPlatforms) = preSolution
		Debug|Any CPU = Debug|Any CPU
		Release|Any CPU = Release|Any CPU
	EndGlobalSection
	GlobalSection(ProjectConfigurationPlatforms) = postSolution
		{52138F45-AEBD-40AF-91D2-297766BBD868}.Debug|Any CPU.ActiveCfg = Debug|Any CPU
		{52138F45-AEBD-40AF-91D2-297766BBD868}.Debug|Any CPU.Build.0 = Debug|Any CPU
		{52138F45-AEBD-40AF-91D2-297766BBD868}.Release|Any CPU.ActiveCfg = Release|Any CPU
		{52138F45-AEBD-40AF-91D2-297766BBD868}.Release|Any CPU.Build.0 = Release|Any CPU
	EndGlobalSection
	GlobalSection(SolutionProperties) = preSolution
		HideSolutionNode = FALSE
	EndGlobalSection
	GlobalSection(ExtensibilityGlobals) = postSolution
		SolutionGuid = {82161340-F32E-4036-AB89-1AA2750DD7D3}
	EndGlobalSection
EndGlobal
